
Microsoft Visual Studio Solution File, Format Version 12.00
# Visual Studio Version 17
VisualStudioVersion = 17.11.35327.3
MinimumVisualStudioVersion = 10.0.40219.1
Project("{FAE04EC0-301F-11D3-BF4B-00C04F79EFBC}") = "QuanLyCuaHang_DeA", "QuanLyCuaHang_DeA\QuanLyCuaHang_DeA.csproj", "{A05E9098-DC79-4F48-8A0B-131CDC305894}"
EndProject
Global
	GlobalSection(SolutionConfigurationPlatforms) = preSolution
		Debug|Any CPU = Debug|Any CPU
		Release|Any CPU = Release|Any CPU
	EndGlobalSection
	GlobalSection(ProjectConfigurationPlatforms) = postSolution
		{A05E9098-DC79-4F48-8A0B-131CDC305894}.Debug|Any CPU.ActiveCfg = Debug|Any CPU
		{A05E9098-DC79-4F48-8A0B-131CDC305894}.Debug|Any CPU.Build.0 = Debug|Any CPU
		{A05E9098-DC79-4F48-8A0B-131CDC305894}.Release|Any CPU.ActiveCfg = Release|Any CPU
		{A05E9098-DC79-4F48-8A0B-131CDC305894}.Release|Any CPU.Build.0 = Release|Any CPU
	EndGlobalSection
	GlobalSection(SolutionProperties) = preSolution
		HideSolutionNode = FALSE
	EndGlobalSection
	GlobalSection(ExtensibilityGlobals) = postSolution
		SolutionGuid = {168D51C5-A86B-4E97-A719-3943202D77DC}
	EndGlobalSection
EndGlobal
