
Microsoft Visual Studio Solution File, Format Version 12.00
# Visual Studio Version 17
VisualStudioVersion = 17.11.35327.3
MinimumVisualStudioVersion = 10.0.40219.1
Project("{FAE04EC0-301F-11D3-BF4B-00C04F79EFBC}") = "QuanLyCanBo", "QuanLyCanBo\QuanLyCanBo.csproj", "{D1B7E063-7BBE-4A66-AAFB-06472DB0CD10}"
EndProject
Global
	GlobalSection(SolutionConfigurationPlatforms) = preSolution
		Debug|Any CPU = Debug|Any CPU
		Release|Any CPU = Release|Any CPU
	EndGlobalSection
	GlobalSection(ProjectConfigurationPlatforms) = postSolution
		{D1B7E063-7BBE-4A66-AAFB-06472DB0CD10}.Debug|Any CPU.ActiveCfg = Debug|Any CPU
		{D1B7E063-7BBE-4A66-AAFB-06472DB0CD10}.Debug|Any CPU.Build.0 = Debug|Any CPU
		{D1B7E063-7BBE-4A66-AAFB-06472DB0CD10}.Release|Any CPU.ActiveCfg = Release|Any CPU
		{D1B7E063-7BBE-4A66-AAFB-06472DB0CD10}.Release|Any CPU.Build.0 = Release|Any CPU
	EndGlobalSection
	GlobalSection(SolutionProperties) = preSolution
		HideSolutionNode = FALSE
	EndGlobalSection
	GlobalSection(ExtensibilityGlobals) = postSolution
		SolutionGuid = {BF80C4BD-36AB-46FE-8F03-90736FDD7E41}
	EndGlobalSection
EndGlobal
